
Microsoft Visual Studio Solution File, Format Version 12.00
Project("{FAE04EC0-301F-11D3-BF4B-00C04F79EFBC}") = "EraSnapBackend", "EraSnapBackend\EraSnapBackend.csproj", "{B2A20BAE-2797-4211-A368-2C72D0B527E2}"
EndProject
Project("{FAE04EC0-301F-11D3-BF4B-00C04F79EFBC}") = "EraSnap.Data", "EraSnap.Data\EraSnap.Data.csproj", "{28C7C35D-88C5-40D3-9F88-F46C147ADC47}"
EndProject
Global
	GlobalSection(SolutionConfigurationPlatforms) = preSolution
		Debug|Any CPU = Debug|Any CPU
		Release|Any CPU = Release|Any CPU
	EndGlobalSection
	GlobalSection(ProjectConfigurationPlatforms) = postSolution
		{B2A20BAE-2797-4211-A368-2C72D0B527E2}.Debug|Any CPU.ActiveCfg = Debug|Any CPU
		{B2A20BAE-2797-4211-A368-2C72D0B527E2}.Debug|Any CPU.Build.0 = Debug|Any CPU
		{B2A20BAE-2797-4211-A368-2C72D0B527E2}.Release|Any CPU.ActiveCfg = Release|Any CPU
		{B2A20BAE-2797-4211-A368-2C72D0B527E2}.Release|Any CPU.Build.0 = Release|Any CPU
		{28C7C35D-88C5-40D3-9F88-F46C147ADC47}.Debug|Any CPU.ActiveCfg = Debug|Any CPU
		{28C7C35D-88C5-40D3-9F88-F46C147ADC47}.Debug|Any CPU.Build.0 = Debug|Any CPU
		{28C7C35D-88C5-40D3-9F88-F46C147ADC47}.Release|Any CPU.ActiveCfg = Release|Any CPU
		{28C7C35D-88C5-40D3-9F88-F46C147ADC47}.Release|Any CPU.Build.0 = Release|Any CPU
	EndGlobalSection
EndGlobal
